{
  "name": "webapp",
  "version": "0.0.0",
  "lockfileVersion": 1,
  "requires": true,
  "dependencies": {
    "@angular-devkit/architect": {
      "version": "0.900.7",
      "resolved": "https://registry.npmjs.org/@angular-devkit/architect/-/architect-0.900.7.tgz",
      "integrity": "sha512-hfiTVYc72kzbXrzK4tea6jnTDnSKpE1D+vEptBXN2tdXEVNEAQI5Qm5L1zVDtt16UdqoUTUypIgUc9jcNH1mUQ==",
      "dev": true,
      "requires": {
        "@angular-devkit/core": "9.0.7",
        "rxjs": "6.5.3"
      },
      "dependencies": {
        "rxjs": {
          "version": "6.5.3",
          "resolved": "https://registry.npmjs.org/rxjs/-/rxjs-6.5.3.tgz",
          "integrity": "sha512-wuYsAYYFdWTAnAaPoKGNhfpWwKZbJW+HgAJ+mImp+Epl7BG8oNWBCTyRM8gba9k4lk8BgWdoYm21Mo/RYhhbgA==",
          "dev": true,
          "requires": {
            "tslib": "^1.9.0"
          }
        }
      }
    },
    "@angular-devkit/build-angular": {
      "version": "0.900.7",
      "resolved": "https://registry.npmjs.org/@angular-devkit/build-angular/-/build-angular-0.900.7.tgz",
      "integrity": "sha512-Yv2y3OEaYEd0fE0pKvtqBpmkQYs9xJws7thHnJYCwIfYO55RfolYsXkJgAXke/4NPLrD3EsIDqoPxF7l+uw2/Q==",
      "dev": true,
      "requires": {
        "@angular-devkit/architect": "0.900.7",
        "@angular-devkit/build-optimizer": "0.900.7",
        "@angular-devkit/build-webpack": "0.900.7",
        "@angular-devkit/core": "9.0.7",
        "@babel/core": "7.7.7",
        "@babel/generator": "7.7.7",
        "@babel/preset-env": "7.7.7",
        "@ngtools/webpack": "9.0.7",
        "ajv": "6.10.2",
        "autoprefixer": "9.7.1",
        "babel-loader": "8.0.6",
        "browserslist": "^4.9.1",
        "cacache": "13.0.1",
        "caniuse-lite": "^1.0.30001032",
        "circular-d